
Microsoft Visual Studio Solution File, Format Version 12.00
# Visual Studio 15
VisualStudioVersion = 15.0.27130.2020
MinimumVisualStudioVersion = 10.0.40219.1
Project("{8BC9CEB8-8B4A-11D0-8D11-00A0C91BC942}") = "3.SieveOfErathosthenes", "3.SieveOfErathosthenes\3.SieveOfErathosthenes.vcxproj", "{04E93983-5C12-424C-8873-1B6EAC049B91}"
EndProject
Global
	GlobalSection(SolutionConfigurationPlatforms) = preSolution
		Debug|x64 = Debug|x64
		Debug|x86 = Debug|x86
		Release|x64 = Release|x64
		Release|x86 = Release|x86
	EndGlobalSection
	GlobalSection(ProjectConfigurationPlatforms) = postSolution
		{04E93983-5C12-424C-8873-1B6EAC049B91}.Debug|x64.ActiveCfg = Debug|x64
		{04E93983-5C12-424C-8873-1B6EAC049B91}.Debug|x64.Build.0 = Debug|x64
		{04E93983-5C12-424C-8873-1B6EAC049B91}.Debug|x86.ActiveCfg = Debug|Win32
		{04E93983-5C12-424C-8873-1B6EAC049B91}.Debug|x86.Build.0 = Debug|Win32
		{04E93983-5C12-424C-8873-1B6EAC049B91}.Release|x64.ActiveCfg = Release|x64
		{04E93983-5C12-424C-8873-1B6EAC049B91}.Release|x64.Build.0 = Release|x64
		{04E93983-5C12-424C-8873-1B6EAC049B91}.Release|x86.ActiveCfg = Release|Win32
		{04E93983-5C12-424C-8873-1B6EAC049B91}.Release|x86.Build.0 = Release|Win32
	EndGlobalSection
	GlobalSection(SolutionProperties) = preSolution
		HideSolutionNode = FALSE
	EndGlobalSection
	GlobalSection(ExtensibilityGlobals) = postSolution
		SolutionGuid = {99F21358-8D91-4D82-9E07-F65892F7B200}
	EndGlobalSection
EndGlobal
